// !$*UTF8*$!
{
	archiveVersion = 1;
	classes = {
	};
	objectVersion = 56;
	objects = {

/* Begin PBXBuildFile section */
		4B616B162B5AB3C700D02DE0 /* TradingcardsApp.swift in Sources */ = {isa = PBXBuildFile; fileRef = 4B616B152B5AB3C700D02DE0 /* TradingcardsApp.swift */; };
		4B616B182B5AB3C700D02DE0 /* ContentView.swift in Sources */ = {isa = PBXBuildFile; fileRef = 4B616B172B5AB3C700D02DE0 /* ContentView.swift */; };
		4B616B1A2B5AB3CA00D02DE0 /* Assets.xcassets in Resources */ = {isa = PBXBuildFile; fileRef = 4B616B192B5AB3CA00D02DE0 /* Assets.xcassets */; };
		4B616B1D2B5AB3CA00D02DE0 /* Preview Assets.xcassets in Resources */ = {isa = PBXBuildFile; fileRef = 4B616B1C2B5AB3CA00D02DE0 /* Preview Assets.xcassets */; };
		4B616B272B5AB3CB00D02DE0 /* TradingcardsTests.swift in Sources */ = {isa = PBXBuildFile; fileRef = 4B616B262B5AB3CB00D02DE0 /* TradingcardsTests.swift */; };
		4B616B312B5AB3CB00D02DE0 /* TradingcardsUITests.swift in Sources */ = {isa = PBXBuildFile; fileRef = 4B616B302B5AB3CB00D02DE0 /* TradingcardsUITests.swift */; };
		4B616B332B5AB3CB00D02DE0 /* TradingcardsUITestsLaunchTests.swift in Sources */ = {isa = PBXBuildFile; fileRef = 4B616B322B5AB3CB00D02DE0 /* TradingcardsUITestsLaunchTests.swift */; };
		4B616B412B5AB51D00D02DE0 /* SwiftUIView.swift in Sources */ = {isa = PBXBuildFile; fileRef = 4B616B402B5AB51D00D02DE0 /* SwiftUIView.swift */; };
		4B616B452B604D8900D02DE0 /* ListView.swift in Sources */ = {isa = PBXBuildFile; fileRef = 4B616B442B604D8900D02DE0 /* ListView.swift */; };
/* End PBXBuildFile section */

/* Begin PBXContainerItemProxy section */
		4B616B232B5AB3CB00D02DE0 /* PBXContainerItemProxy */ = {
			isa = PBXContainerItemProxy;
			containerPortal = 4B616B0A2B5AB3C700D02DE0 /* Project object */;
			proxyType = 1;
			remoteGlobalIDString = 4B616B112B5AB3C700D02DE0;
			remoteInfo = Tradingcards;
		};
		4B616B2D2B5AB3CB00D02DE0 /* PBXContainerItemProxy */ = {
			isa = PBXContainerItemProxy;
			containerPortal = 4B616B0A2B5AB3C700D02DE0 /* Project object */;
			proxyType = 1;
			remoteGlobalIDString = 4B616B112B5AB3C700D02DE0;
			remoteInfo = Tradingcards;
		};
/* End PBXContainerItemProxy section */

/* Begin PBXFileReference section */
		4B616B122B5AB3C700D02DE0 /* Tradingcards.app */ = {isa = PBXFileReference; explicitFileType = wrapper.application; includeInIndex = 0; path = Tradingcards.app; sourceTree = BUILT_PRODUCTS_DIR; };
		4B616B152B5AB3C700D02DE0 /* TradingcardsApp.swift */ = {isa = PBXFileReference; lastKnownFileType = sourcecode.swift; path = TradingcardsApp.swift; sourceTree = "<group>"; };
		4B616B172B5AB3C700D02DE0 /* ContentView.swift */ = {isa = PBXFileReference; lastKnownFileType = sourcecode.swift; path = ContentView.swift; sourceTree = "<group>"; };
		4B616B192B5AB3CA00D02DE0 /* Assets.xcassets */ = {isa = PBXFileReference; lastKnownFileType = folder.assetcatalog; path = Assets.xcassets; sourceTree = "<group>"; };
		4B616B1C2B5AB3CA00D02DE0 /* Preview Assets.xcassets */ = {isa = PBXFileReference; lastKnownFileType = folder.assetcatalog; path = "Preview Assets.xcassets"; sourceTree = "<group>"; };
		4B616B222B5AB3CB00D02DE0 /* TradingcardsTests.xctest */ = {isa = PBXFileReference; explicitFileType = wrapper.cfbundle; includeInIndex = 0; path = TradingcardsTests.xctest; sourceTree = BUILT_PRODUCTS_DIR; };
		4B616B262B5AB3CB00D02DE0 /* TradingcardsTests.swift */ = {isa = PBXFileReference; lastKnownFileType = sourcecode.swift; path = TradingcardsTests.swift; sourceTree = "<group>"; };
		4B616B2C2B5AB3CB00D02DE0 /* TradingcardsUITests.xctest */ = {isa = PBXFileReference; explicitFileType = wrapper.cfbundle; includeInIndex = 0; path = TradingcardsUITests.xctest; sourceTree = BUILT_PRODUCTS_DIR; };
		4B616B302B5AB3CB00D02DE0 /* TradingcardsUITests.swift */ = {isa = PBXFileReference; lastKnownFileType = sourcecode.swift; path = TradingcardsUITests.swift; sourceTree = "<group>"; };
		4B616B322B5AB3CB00D02DE0 /* TradingcardsUITestsLaunchTests.swift */ = {isa = PBXFileReference; lastKnownFileType = sourcecode.swift; path = TradingcardsUITestsLaunchTests.swift; sourceTree = "<group>"; };
		4B616B402B5AB51D00D02DE0 /* SwiftUIView.swift */ = {isa = PBXFileReference; lastKnownFileType = sourcecode.swift; path = SwiftUIView.swift; sourceTree = "<group>"; };
		4B616B442B604D8900D02DE0 /* ListView.swift */ = {isa = PBXFileReference; lastKnownFileType = sourcecode.swift; path = ListView.swift; sourceTree = "<group>"; };
/* End PBXFileReference section */

/* Begin PBXFrameworksBuildPhase section */
		4B616B0F2B5AB3C700D02DE0 /* Frameworks */ = {
			isa = PBXFrameworksBuildPhase;
			buildActionMask = 2147483647;
			files = (
			);
			runOnlyForDeploymentPostprocessing = 0;
		};
		4B616B1F2B5AB3CB00D02DE0 /* Frameworks */ = {
			isa = PBXFrameworksBuildPhase;
			buildActionMask = 2147483647;
			files = (
			);
			runOnlyForDeploymentPostprocessing = 0;
		};
		4B616B292B5AB3CB00D02DE0 /* Frameworks */ = {
			isa = PBXFrameworksBuildPhase;
			buildActionMask = 2147483647;
			files = (
			);
			runOnlyForDeploymentPostprocessing = 0;
		};
/* End PBXFrameworksBuildPhase section */

/* Begin PBXGroup section */
		4B616B092B5AB3C700D02DE0 = {
			isa = PBXGroup;
			children = (
				4B616B142B5AB3C700D02DE0 /* Tradingcards */,
				4B616B252B5AB3CB00D02DE0 /* TradingcardsTests */,
				4B616B2F2B5AB3CB00D02DE0 /* TradingcardsUITests */,
				4B616B132B5AB3C700D02DE0 /* Products */,
			);
			sourceTree = "<group>";
		};
		4B616B132B5AB3C700D02DE0 /* Products */ = {
			isa = PBXGroup;
			children = (
				4B616B122B5AB3C700D02DE0 /* Tradingcards.app */,
				4B616B222B5AB3CB00D02DE0 /* TradingcardsTests.xctest */,
				4B616B2C2B5AB3CB00D02DE0 /* TradingcardsUITests.xctest */,
			);
			name = Products;
			sourceTree = "<group>";
		};
		4B616B142B5AB3C700D02DE0 /* Tradingcards */ = {
			isa = PBXGroup;
			children = (
				4B616B152B5AB3C700D02DE0 /* TradingcardsApp.swift */,
				4B616B3F2B5AB4FF00D02DE0 /* DetalView */,
				4B616B172B5AB3C700D02DE0 /* ContentView.swift */,
				4B616B192B5AB3CA00D02DE0 /* Assets.xcassets */,
				4B616B1B2B5AB3CA00D02DE0 /* Preview Content */,
			);
			path = Tradingcards;
			sourceTree = "<group>";
		};
		4B616B1B2B5AB3CA00D02DE0 /* Preview Content */ = {
			isa = PBXGroup;
			children = (
				4B616B1C2B5AB3CA00D02DE0 /* Preview Assets.xcassets */,
			);
			path = "Preview Content";
			sourceTree = "<group>";
		};
		4B616B252B5AB3CB00D02DE0 /* TradingcardsTests */ = {
			isa = PBXGroup;
			children = (
				4B616B262B5AB3CB00D02DE0 /* TradingcardsTests.swift */,
			);
			path = TradingcardsTests;
			sourceTree = "<group>";
		};
		4B616B2F2B5AB3CB00D02DE0 /* TradingcardsUITests */ = {
			isa = PBXGroup;
			children = (
				4B616B302B5AB3CB00D02DE0 /* TradingcardsUITests.swift */,
				4B616B322B5AB3CB00D02DE0 /* TradingcardsUITestsLaunchTests.swift */,
			);
			path = TradingcardsUITests;
			sourceTree = "<group>";
		};
		4B616B3F2B5AB4FF00D02DE0 /* DetalView */ = {
			isa = PBXGroup;
			children = (
				4B616B402B5AB51D00D02DE0 /* SwiftUIView.swift */,
				4B616B442B604D8900D02DE0 /* ListView.swift */,
			);
			path = DetalView;
			sourceTree = "<group>";
		};
/* End PBXGroup section */

/* Begin PBXNativeTarget section */
		4B616B112B5AB3C700D02DE0 /* Tradingcards */ = {
			isa = PBXNativeTarget;
			buildConfigurationList = 4B616B362B5AB3CB00D02DE0 /* Build configuration list for PBXNativeTarget "Tradingcards" */;
			buildPhases = (
				4B616B0E2B5AB3C700D02DE0 /* Sources */,
				4B616B0F2B5AB3C700D02DE0 /* Frameworks */,
				4B616B102B5AB3C700D02DE0 /* Resources */,
			);
			buildRules = (
			);
			dependencies = (
			);
			name = Tradingcards;
			productName = Tradingcards;
			productReference = 4B616B122B5AB3C700D02DE0 /* Tradingcards.app */;
			productType = "com.apple.product-type.application";
		};
		4B616B212B5AB3CB00D02DE0 /* TradingcardsTests */ = {
			isa = PBXNativeTarget;
			buildConfigurationList = 4B616B392B5AB3CB00D02DE0 /* Build configuration list for PBXNativeTarget "TradingcardsTests" */;
			buildPhases = (
				4B616B1E2B5AB3CB00D02DE0 /* Sources */,
				4B616B1F2B5AB3CB00D02DE0 /* Frameworks */,
				4B616B202B5AB3CB00D02DE0 /* Resources */,
			);
			buildRules = (
			);
			dependencies = (
				4B616B242B5AB3CB00D02DE0 /* PBXTargetDependency */,
			);
			name = TradingcardsTests;
			productName = TradingcardsTests;
			productReference = 4B616B222B5AB3CB00D02DE0 /* TradingcardsTests.xctest */;
			productType = "com.apple.product-type.bundle.unit-test";
		};
		4B616B2B2B5AB3CB00D02DE0 /* TradingcardsUITests */ = {
			isa = PBXNativeTarget;
			buildConfigurationList = 4B616B3C2B5AB3CB00D02DE0 /* Build configuration list for PBXNativeTarget "TradingcardsUITests" */;
			buildPhases = (
				4B616B282B5AB3CB00D02DE0 /* Sources */,
				4B616B292B5AB3CB00D02DE0 /* Frameworks */,
				4B616B2A2B5AB3CB00D02DE0 /* Resources */,
			);
			buildRules = (
			);
			dependencies = (
				4B616B2E2B5AB3CB00D02DE0 /* PBXTargetDependency */,
			);
			name = TradingcardsUITests;
			productName = TradingcardsUITests;
			productReference = 4B616B2C2B5AB3CB00D02DE0 /* TradingcardsUITests.xctest */;
			productType = "com.apple.product-type.bundle.ui-testing";
		};
/* End PBXNativeTarget section */

/* Begin PBXProject section */
		4B616B0A2B5AB3C700D02DE0 /* Project object */ = {
			isa = PBXProject;
			attributes = {
				BuildIndependentTargetsInParallel = 1;
				LastSwiftUpdateCheck = 1520;
				LastUpgradeCheck = 1520;
				TargetAttributes = {
					4B616B112B5AB3C700D02DE0 = {
						CreatedOnToolsVersion = 15.2;
					};
					4B616B212B5AB3CB00D02DE0 = {
						CreatedOnToolsVersion = 15.2;
						TestTargetID = 4B616B112B5AB3C700D02DE0;
					};
					4B616B2B2B5AB3CB00D02DE0 = {
						CreatedOnToolsVersion = 15.2;
						TestTargetID = 4B616B112B5AB3C700D02DE0;
					};
				};
			};
			buildConfigurationList = 4B616B0D2B5AB3C700D02DE0 /* Build configuration list for PBXProject "Tradingcards" */;
			compatibilityVersion = "Xcode 14.0";
			developmentRegion = en;
			hasScannedForEncodings = 0;
			knownRegions = (
				en,
				Base,
			);
			mainGroup = 4B616B092B5AB3C700D02DE0;
			productRefGroup = 4B616B132B5AB3C700D02DE0 /* Products */;
			projectDirPath = "";
			projectRoot = "";
			targets = (
				4B616B112B5AB3C700D02DE0 /* Tradingcards */,
				4B616B212B5AB3CB00D02DE0 /* TradingcardsTests */,
				4B616B2B2B5AB3CB00D02DE0 /* TradingcardsUITests */,
			);
		};
/* End PBXProject section */

/* Begin PBXResourcesBuildPhase section */
		4B616B102B5AB3C700D02DE0 /* Resources */ = {
			isa = PBXResourcesBuildPhase;
			buildActionMask = 2147483647;
			files = (
				4B616B1D2B5AB3CA00D02DE0 /* Preview Assets.xcassets in Resources */,
				4B616B1A2B5AB3CA00D02DE0 /* Assets.xcassets in Resources */,
			);
			runOnlyForDeploymentPostprocessing = 0;
		};
		4B616B202B5AB3CB00D02DE0 /* Resources */ = {
			isa = PBXResourcesBuildPhase;
			buildActionMask = 2147483647;
			files = (
			);
			runOnlyForDeploymentPostprocessing = 0;
		};
		4B616B2A2B5AB3CB00D02DE0 /* Resources */ = {
			isa = PBXResourcesBuildPhase;
			buildActionMask = 2147483647;
			files = (
			);
			runOnlyForDeploymentPostprocessing = 0;
		};
/* End PBXResourcesBuildPhase section */

/* Begin PBXSourcesBuildPhase section */
		4B616B0E2B5AB3C700D02DE0 /* Sources */ = {
			isa = PBXSourcesBuildPhase;
			buildActionMask = 2147483647;
			files = (
				4B616B452B604D8900D02DE0 /* ListView.swift in Sources */,
				4B616B182B5AB3C700D02DE0 /* ContentView.swift in Sources */,
				4B616B162B5AB3C700D02DE0 /* TradingcardsApp.swift in Sources */,
				4B616B412B5AB51D00D02DE0 /* SwiftUIView.swift in Sources */,
			);
			runOnlyForDeploymentPostprocessing = 0;
		};
		4B616B1E2B5AB3CB00D02DE0 /* Sources */ = {
			isa = PBXSourcesBuildPhase;
			buildActionMask = 2147483647;
			files = (
				4B616B272B5AB3CB00D02DE0 /* TradingcardsTests.swift in Sources */,
			);
			runOnlyForDeploymentPostprocessing = 0;
		};
		4B616B282B5AB3CB00D02DE0 /* Sources */ = {
			isa = PBXSourcesBuildPhase;
			buildActionMask = 2147483647;
			files = (
				4B616B332B5AB3CB00D02DE0 /* TradingcardsUITestsLaunchTests.swift in Sources */,
				4B616B312B5AB3CB00D02DE0 /* TradingcardsUITests.swift in Sources */,
			);
			runOnlyForDeploymentPostprocessing = 0;
		};
/* End PBXSourcesBuildPhase section */

/* Begin PBXTargetDependency section */
		4B616B242B5AB3CB00D02DE0 /* PBXTargetDependency */ = {
			isa = PBXTargetDependency;
			target = 4B616B112B5AB3C700D02DE0 /* Tradingcards */;
			targetProxy = 4B616B232B5AB3CB00D02DE0 /* PBXContainerItemProxy */;
		};
		4B616B2E2B5AB3CB00D02DE0 /* PBXTargetDependency */ = {
			isa = PBXTargetDependency;
			target = 4B616B112B5AB3C700D02DE0 /* Tradingcards */;
			targetProxy = 4B616B2D2B5AB3CB00D02DE0 /* PBXContainerItemProxy */;
		};
/* End PBXTargetDependency section */

/* Begin XCBuildConfiguration section */
		4B616B342B5AB3CB00D02DE0 /* Debug */ = {
			isa = XCBuildConfiguration;
			buildSettings = {
				ALWAYS_SEARCH_USER_PATHS = NO;
				ASSETCATALOG_COMPILER_GENERATE_SWIFT_ASSET_SYMBOL_EXTENSIONS = YES;
				CLANG_ANALYZER_NONNULL = YES;
				CLANG_ANALYZER_NUMBER_OBJECT_CONVERSION = YES_AGGRESSIVE;
				CLANG_CXX_LANGUAGE_STANDARD = "gnu++20";
				CLANG_ENABLE_MODULES = YES;
				CLANG_ENABLE_OBJC_ARC = YES;
				CLANG_ENABLE_OBJC_WEAK = YES;
				CLANG_WARN_BLOCK_CAPTURE_AUTORELEASING = YES;
				CLANG_WARN_BOOL_CONVERSION = YES;
				CLANG_WARN_COMMA = YES;
				CLANG_WARN_CONSTANT_CONVERSION = YES;
				CLANG_WARN_DEPRECATED_OBJC_IMPLEMENTATIONS = YES;
				CLANG_WARN_DIRECT_OBJC_ISA_USAGE = YES_ERROR;
				CLANG_WARN_DOCUMENTATION_COMMENTS = YES;
				CLANG_WARN_EMPTY_BODY = YES;
				CLANG_WARN_ENUM_CONVERSION = YES;
				CLANG_WARN_INFINITE_RECURSION = YES;
				CLANG_WARN_INT_CONVERSION = YES;
				CLANG_WARN_NON_LITERAL_NULL_CONVERSION = YES;
				CLANG_WARN_OBJC_IMPLICIT_RETAIN_SELF = YES;
				CLANG_WARN_OBJC_LITERAL_CONVERSION = YES;
				CLANG_WARN_OBJC_ROOT_CLASS = YES_ERROR;
				CLANG_WARN_QUOTED_INCLUDE_IN_FRAMEWORK_HEADER = YES;
				CLANG_WARN_RANGE_LOOP_ANALYSIS = YES;
				CLANG_WARN_STRICT_PROTOTYPES = YES;
				CLANG_WARN_SUSPICIOUS_MOVE = YES;
				CLANG_WARN_UNGUARDED_AVAILABILITY = YES_AGGRESSIVE;
				CLANG_WARN_UNREACHABLE_CODE = YES;
				CLANG_WARN__DUPLICATE_METHOD_MATCH = YES;
				COPY_PHASE_STRIP = NO;
				DEBUG_INFORMATION_FORMAT = dwarf;
				ENABLE_STRICT_OBJC_MSGSEND = YES;
				ENABLE_TESTABILITY = YES;
				ENABLE_USER_SCRIPT_SANDBOXING = YES;
				GCC_C_LANGUAGE_STANDARD = gnu17;
				GCC_DYNAMIC_NO_PIC = NO;
				GCC_NO_COMMON_BLOCKS = YES;
				GCC_OPTIMIZATION_LEVEL = 0;
				GCC_PREPROCESSOR_DEFINITIONS = (
					"DEBUG=1",
					"$(inherited)",
				);
				GCC_WARN_64_TO_32_BIT_CONVERSION = YES;
				GCC_WARN_ABOUT_RETURN_TYPE = YES_ERROR;
				GCC_WARN_UNDECLARED_SELECTOR = YES;
				GCC_WARN_UNINITIALIZED_AUTOS = YES_AGGRESSIVE;
				GCC_WARN_UNUSED_FUNCTION = YES;
				GCC_WARN_UNUSED_VARIABLE = YES;
				IPHONEOS_DEPLOYMENT_TARGET = 17.2;
				LOCALIZATION_PREFERS_STRING_CATALOGS = YES;
				MTL_ENABLE_DEBUG_INFO = INCLUDE_SOURCE;
				MTL_FAST_MATH = YES;
				ONLY_ACTIVE_ARCH = YES;
				SDKROOT = iphoneos;
				SWIFT_ACTIVE_COMPILATION_CONDITIONS = "DEBUG $(inherited)";
				SWIFT_OPTIMIZATION_LEVEL = "-Onone";
			};
			name = Debug;
		};
		4B616B352B5AB3CB00D02DE0 /* Release */ = {
			isa = XCBuildConfiguration;
			buildSettings = {
				ALWAYS_SEARCH_USER_PATHS = NO;
				ASSETCATALOG_COMPILER_GENERATE_SWIFT_ASSET_SYMBOL_EXTENSIONS = YES;
				CLANG_ANALYZER_NONNULL = YES;
				CLANG_ANALYZER_NUMBER_OBJECT_CONVERSION = YES_AGGRESSIVE;
				CLANG_CXX_LANGUAGE_STANDARD = "gnu++20";
				CLANG_ENABLE_MODULES = YES;
				CLANG_ENABLE_OBJC_ARC = YES;
				CLANG_ENABLE_OBJC_WEAK = YES;
				CLANG_WARN_BLOCK_CAPTURE_AUTORELEASING = YES;
				CLANG_WARN_BOOL_CONVERSION = YES;
				CLANG_WARN_COMMA = YES;
				CLANG_WARN_CONSTANT_CONVERSION = YES;
				CLANG_WARN_DEPRECATED_OBJC_IMPLEMENTATIONS = YES;
				CLANG_WARN_DIRECT_OBJC_ISA_USAGE = YES_ERROR;
				CLANG_WARN_DOCUMENTATION_COMMENTS = YES;
				CLANG_WARN_EMPTY_BODY = YES;
				CLANG_WARN_ENUM_CONVERSION = YES;
				CLANG_WARN_INFINITE_RECURSION = YES;
				CLANG_WARN_INT_CONVERSION = YES;
				CLANG_WARN_NON_LITERAL_NULL_CONVERSION = YES;
				CLANG_WARN_OBJC_IMPLICIT_RETAIN_SELF = YES;
				CLANG_WARN_OBJC_LITERAL_CONVERSION = YES;
				CLANG_WARN_OBJC_ROOT_CLASS = YES_ERROR;
				CLANG_WARN_QUOTED_INCLUDE_IN_FRAMEWORK_HEADER = YES;
				CLANG_WARN_RANGE_LOOP_ANALYSIS = YES;
				CLANG_WARN_STRICT_PROTOTYPES = YES;
				CLANG_WARN_SUSPICIOUS_MOVE = YES;
				CLANG_WARN_UNGUARDED_AVAILABILITY = YES_AGGRESSIVE;
				CLANG_WARN_UNREACHABLE_CODE = YES;
				CLANG_WARN__DUPLICATE_METHOD_MATCH = YES;
				COPY_PHASE_STRIP = NO;
				DEBUG_INFORMATION_FORMAT = "dwarf-with-dsym";
				ENABLE_NS_ASSERTIONS = NO;
				ENABLE_STRICT_OBJC_MSGSEND = YES;
				ENABLE_USER_SCRIPT_SANDBOXING = YES;
				GCC_C_LANGUAGE_STANDARD = gnu17;
				GCC_NO_COMMON_BLOCKS = YES;
				GCC_WARN_64_TO_32_BIT_CONVERSION = YES;
				GCC_WARN_ABOUT_RETURN_TYPE = YES_ERROR;
				GCC_WARN_UNDECLARED_SELECTOR = YES;
				GCC_WARN_UNINITIALIZED_AUTOS = YES_AGGRESSIVE;
				GCC_WARN_UNUSED_FUNCTION = YES;
				GCC_WARN_UNUSED_VARIABLE = YES;
				IPHONEOS_DEPLOYMENT_TARGET = 17.2;
				LOCALIZATION_PREFERS_STRING_CATALOGS = YES;
				MTL_ENABLE_DEBUG_INFO = NO;
				MTL_FAST_MATH = YES;
				SDKROOT = iphoneos;
				SWIFT_COMPILATION_MODE = wholemodule;
				VALIDATE_PRODUCT = YES;
			};
			name = Release;
		};
		4B616B372B5AB3CB00D02DE0 /* Debug */ = {
			isa = XCBuildConfiguration;
			buildSettings = {
				ASSETCATALOG_COMPILER_APPICON_NAME = AppIcon;
				ASSETCATALOG_COMPILER_GLOBAL_ACCENT_COLOR_NAME = AccentColor;
				CODE_SIGN_STYLE = Automatic;
				CURRENT_PROJECT_VERSION = 1;
				DEVELOPMENT_ASSET_PATHS = "\"Tradingcards/Preview Content\"";
				DEVELOPMENT_TEAM = 9X7692C5V4;
				ENABLE_PREVIEWS = YES;
				GENERATE_INFOPLIST_FILE = YES;
				INFOPLIST_KEY_UIApplicationSceneManifest_Generation = YES;
				INFOPLIST_KEY_UIApplicationSupportsIndirectInputEvents = YES;
				INFOPLIST_KEY_UILaunchScreen_Generation = YES;
				INFOPLIST_KEY_UISupportedInterfaceOrientations_iPad = "UIInterfaceOrientationPortrait UIInterfaceOrientationPortraitUpsideDown UIInterfaceOrientationLandscapeLeft UIInterfaceOrientationLandscapeRight";
				INFOPLIST_KEY_UISupportedInterfaceOrientations_iPhone = "UIInterfaceOrientationPortrait UIInterfaceOrientationLandscapeLeft UIInterfaceOrientationLandscapeRight";
				LD_RUNPATH_SEARCH_PATHS = (
					"$(inherited)",
					"@executable_path/Frameworks",
				);
				MARKETING_VERSION = 1.0;
				PRODUCT_BUNDLE_IDENTIFIER = ca.willoke.Tradingcards;
				PRODUCT_NAME = "$(TARGET_NAME)";
				SWIFT_EMIT_LOC_STRINGS = YES;
				SWIFT_VERSION = 5.0;
				TARGETED_DEVICE_FAMILY = "1,2";
			};
			name = Debug;
		};
		4B616B382B5AB3CB00D02DE0 /* Release */ = {
			isa = XCBuildConfiguration;
			buildSettings = {
				ASSETCATALOG_COMPILER_APPICON_NAME = AppIcon;
				ASSETCATALOG_COMPILER_GLOBAL_ACCENT_COLOR_NAME = AccentColor;
				CODE_SIGN_STYLE = Automatic;
				CURRENT_PROJECT_VERSION = 1;
				DEVELOPMENT_ASSET_PATHS = "\"Tradingcards/Preview Content\"";
				DEVELOPMENT_TEAM = 9X7692C5V4;
				ENABLE_PREVIEWS = YES;
				GENERATE_INFOPLIST_FILE = YES;
				INFOPLIST_KEY_UIApplicationSceneManifest_Generation = YES;
				INFOPLIST_KEY_UIApplicationSupportsIndirectInputEvents = YES;
				INFOPLIST_KEY_UILaunchScreen_Generation = YES;
				INFOPLIST_KEY_UISupportedInterfaceOrientations_iPad = "UIInterfaceOrientationPortrait UIInterfaceOrientationPortraitUpsideDown UIInterfaceOrientationLandscapeLeft UIInterfaceOrientationLandscapeRight";
				INFOPLIST_KEY_UISupportedInterfaceOrientations_iPhone = "UIInterfaceOrientationPortrait UIInterfaceOrientationLandscapeLeft UIInterfaceOrientationLandscapeRight";
				LD_RUNPATH_SEARCH_PATHS = (
					"$(inherited)",
					"@executable_path/Frameworks",
				);
				MARKETING_VERSION = 1.0;
				PRODUCT_BUNDLE_IDENTIFIER = ca.willoke.Tradingcards;
				PRODUCT_NAME = "$(TARGET_NAME)";
				SWIFT_EMIT_LOC_STRINGS = YES;
				SWIFT_VERSION = 5.0;
				TARGETED_DEVICE_FAMILY = "1,2";
			};
			name = Release;
		};
		4B616B3A2B5AB3CB00D02DE0 /* Debug */ = {
			isa = XCBuildConfiguration;
			buildSettings = {
				ALWAYS_EMBED_SWIFT_STANDARD_LIBRARIES = YES;
				BUNDLE_LOADER = "$(TEST_HOST)";
				CODE_SIGN_STYLE = Automatic;
				CURRENT_PROJECT_VERSION = 1;
				DEVELOPMENT_TEAM = 9X7692C5V4;
				GENERATE_INFOPLIST_FILE = YES;
				IPHONEOS_DEPLOYMENT_TARGET = 17.2;
				MARKETING_VERSION = 1.0;
				PRODUCT_BUNDLE_IDENTIFIER = ca.willoke.TradingcardsTests;
				PRODUCT_NAME = "$(TARGET_NAME)";
				SWIFT_EMIT_LOC_STRINGS = NO;
				SWIFT_VERSION = 5.0;
				TARGETED_DEVICE_FAMILY = "1,2";
				TEST_HOST = "$(BUILT_PRODUCTS_DIR)/Tradingcards.app/$(BUNDLE_EXECUTABLE_FOLDER_PATH)/Tradingcards";
			};
			name = Debug;
		};
		4B616B3B2B5AB3CB00D02DE0 /* Release */ = {
			isa = XCBuildConfiguration;
			buildSettings = {
				ALWAYS_EMBED_SWIFT_STANDARD_LIBRARIES = YES;
				BUNDLE_LOADER = "$(TEST_HOST)";
				CODE_SIGN_STYLE = Automatic;
				CURRENT_PROJECT_VERSION = 1;
				DEVELOPMENT_TEAM = 9X7692C5V4;
				GENERATE_INFOPLIST_FILE = YES;
				IPHONEOS_DEPLOYMENT_TARGET = 17.2;
				MARKETING_VERSION = 1.0;
				PRODUCT_BUNDLE_IDENTIFIER = ca.willoke.TradingcardsTests;
				PRODUCT_NAME = "$(TARGET_NAME)";
				SWIFT_EMIT_LOC_STRINGS = NO;
				SWIFT_VERSION = 5.0;
				TARGETED_DEVICE_FAMILY = "1,2";
				TEST_HOST = "$(BUILT_PRODUCTS_DIR)/Tradingcards.app/$(BUNDLE_EXECUTABLE_FOLDER_PATH)/Tradingcards";
			};
			name = Release;
		};
		4B616B3D2B5AB3CB00D02DE0 /* Debug */ = {
			isa = XCBuildConfiguration;
			buildSettings = {
				ALWAYS_EMBED_SWIFT_STANDARD_LIBRARIES = YES;
				CODE_SIGN_STYLE = Automatic;
				CURRENT_PROJECT_VERSION = 1;
				DEVELOPMENT_TEAM = 9X7692C5V4;
				GENERATE_INFOPLIST_FILE = YES;
				MARKETING_VERSION = 1.0;
				PRODUCT_BUNDLE_IDENTIFIER = ca.willoke.TradingcardsUITests;
				PRODUCT_NAME = "$(TARGET_NAME)";
				SWIFT_EMIT_LOC_STRINGS = NO;
				SWIFT_VERSION = 5.0;
				TARGETED_DEVICE_FAMILY = "1,2";
				TEST_TARGET_NAME = Tradingcards;
			};
			name = Debug;
		};
		4B616B3E2B5AB3CB00D02DE0 /* Release */ = {
			isa = XCBuildConfiguration;
			buildSettings = {
				ALWAYS_EMBED_SWIFT_STANDARD_LIBRARIES = YES;
				CODE_SIGN_STYLE = Automatic;
				CURRENT_PROJECT_VERSION = 1;
				DEVELOPMENT_TEAM = 9X7692C5V4;
				GENERATE_INFOPLIST_FILE = YES;
				MARKETING_VERSION = 1.0;
				PRODUCT_BUNDLE_IDENTIFIER = ca.willoke.TradingcardsUITests;
				PRODUCT_NAME = "$(TARGET_NAME)";
				SWIFT_EMIT_LOC_STRINGS = NO;
				SWIFT_VERSION = 5.0;
				TARGETED_DEVICE_FAMILY = "1,2";
				TEST_TARGET_NAME = Tradingcards;
			};
			name = Release;
		};
/* End XCBuildConfiguration section */

/* Begin XCConfigurationList section */
		4B616B0D2B5AB3C700D02DE0 /* Build configuration list for PBXProject "Tradingcards" */ = {
			isa = XCConfigurationList;
			buildConfigurations = (
				4B616B342B5AB3CB00D02DE0 /* Debug */,
				4B616B352B5AB3CB00D02DE0 /* Release */,
			);
			defaultConfigurationIsVisible = 0;
			defaultConfigurationName = Release;
		};
		4B616B362B5AB3CB00D02DE0 /* Build configuration list for PBXNativeTarget "Tradingcards" */ = {
			isa = XCConfigurationList;
			buildConfigurations = (
				4B616B372B5AB3CB00D02DE0 /* Debug */,
				4B616B382B5AB3CB00D02DE0 /* Release */,
			);
			defaultConfigurationIsVisible = 0;
			defaultConfigurationName = Release;
		};
		4B616B392B5AB3CB00D02DE0 /* Build configuration list for PBXNativeTarget "TradingcardsTests" */ = {
			isa = XCConfigurationList;
			buildConfigurations = (
				4B616B3A2B5AB3CB00D02DE0 /* Debug */,
				4B616B3B2B5AB3CB00D02DE0 /* Release */,
			);
			defaultConfigurationIsVisible = 0;
			defaultConfigurationName = Release;
		};
		4B616B3C2B5AB3CB00D02DE0 /* Build configuration list for PBXNativeTarget "TradingcardsUITests" */ = {
			isa = XCConfigurationList;
			buildConfigurations = (
				4B616B3D2B5AB3CB00D02DE0 /* Debug */,
				4B616B3E2B5AB3CB00D02DE0 /* Release */,
			);
			defaultConfigurationIsVisible = 0;
			defaultConfigurationName = Release;
		};
/* End XCConfigurationList section */
	};
	rootObject = 4B616B0A2B5AB3C700D02DE0 /* Project object */;
}
